
Microsoft Visual Studio Solution File, Format Version 12.00
# Visual Studio Version 16
VisualStudioVersion = 16.0.31911.196
MinimumVisualStudioVersion = 10.0.40219.1
Project("{FAE04EC0-301F-11D3-BF4B-00C04F79EFBC}") = "VIVU", "VIVU\VIVU.csproj", "{32D509C9-8501-4AF3-BF10-E0BF4E736E24}"
EndProject
Global
	GlobalSection(SolutionConfigurationPlatforms) = preSolution
		Debug|Any CPU = Debug|Any CPU
		Release|Any CPU = Release|Any CPU
	EndGlobalSection
	GlobalSection(ProjectConfigurationPlatforms) = postSolution
		{32D509C9-8501-4AF3-BF10-E0BF4E736E24}.Debug|Any CPU.ActiveCfg = Debug|Any CPU
		{32D509C9-8501-4AF3-BF10-E0BF4E736E24}.Debug|Any CPU.Build.0 = Debug|Any CPU
		{32D509C9-8501-4AF3-BF10-E0BF4E736E24}.Release|Any CPU.ActiveCfg = Release|Any CPU
		{32D509C9-8501-4AF3-BF10-E0BF4E736E24}.Release|Any CPU.Build.0 = Release|Any CPU
	EndGlobalSection
	GlobalSection(SolutionProperties) = preSolution
		HideSolutionNode = FALSE
	EndGlobalSection
	GlobalSection(ExtensibilityGlobals) = postSolution
		SolutionGuid = {C289713A-058F-4243-B00C-03344CE5EAAC}
	EndGlobalSection
EndGlobal
